// !$*UTF8*$!
{
	archiveVersion = 1;
	classes = {
	};
	objectVersion = 50;
	objects = {

/* Begin PBXBuildFile section */
		8EA0486423B5B6B80013FCD3 /* ConversionViewController.swift in Sources */ = {isa = PBXBuildFile; fileRef = 8EA0486323B5B6B80013FCD3 /* ConversionViewController.swift */; };
		8EB8DF1C23B5556F00F08093 /* AppDelegate.swift in Sources */ = {isa = PBXBuildFile; fileRef = 8EB8DF1B23B5556F00F08093 /* AppDelegate.swift */; };
		8EB8DF1E23B5556F00F08093 /* SceneDelegate.swift in Sources */ = {isa = PBXBuildFile; fileRef = 8EB8DF1D23B5556F00F08093 /* SceneDelegate.swift */; };
		8EB8DF2323B5556F00F08093 /* Main.storyboard in Resources */ = {isa = PBXBuildFile; fileRef = 8EB8DF2123B5556F00F08093 /* Main.storyboard */; };
		8EB8DF2523B5557400F08093 /* Assets.xcassets in Resources */ = {isa = PBXBuildFile; fileRef = 8EB8DF2423B5557400F08093 /* Assets.xcassets */; };
		8EB8DF2823B5557400F08093 /* LaunchScreen.storyboard in Resources */ = {isa = PBXBuildFile; fileRef = 8EB8DF2623B5557400F08093 /* LaunchScreen.storyboard */; };
		8EB8DF3323B5557400F08093 /* WorldTrotterTests.swift in Sources */ = {isa = PBXBuildFile; fileRef = 8EB8DF3223B5557400F08093 /* WorldTrotterTests.swift */; };
		8EB8DF3E23B5557500F08093 /* WorldTrotterUITests.swift in Sources */ = {isa = PBXBuildFile; fileRef = 8EB8DF3D23B5557500F08093 /* WorldTrotterUITests.swift */; };
/* End PBXBuildFile section */

/* Begin PBXContainerItemProxy section */
		8EB8DF2F23B5557400F08093 /* PBXContainerItemProxy */ = {
			isa = PBXContainerItemProxy;
			containerPortal = 8EB8DF1023B5556F00F08093 /* Project object */;
			proxyType = 1;
			remoteGlobalIDString = 8EB8DF1723B5556F00F08093;
			remoteInfo = WorldTrotter;
		};
		8EB8DF3A23B5557500F08093 /* PBXContainerItemProxy */ = {
			isa = PBXContainerItemProxy;
			containerPortal = 8EB8DF1023B5556F00F08093 /* Project object */;
			proxyType = 1;
			remoteGlobalIDString = 8EB8DF1723B5556F00F08093;
			remoteInfo = WorldTrotter;
		};
/* End PBXContainerItemProxy section */

/* Begin PBXFileReference section */
		8EA0486323B5B6B80013FCD3 /* ConversionViewController.swift */ = {isa = PBXFileReference; lastKnownFileType = sourcecode.swift; path = ConversionViewController.swift; sourceTree = "<group>"; };
		8EB8DF1823B5556F00F08093 /* WorldTrotter.app */ = {isa = PBXFileReference; explicitFileType = wrapper.application; includeInIndex = 0; path = WorldTrotter.app; sourceTree = BUILT_PRODUCTS_DIR; };
		8EB8DF1B23B5556F00F08093 /* AppDelegate.swift */ = {isa = PBXFileReference; lastKnownFileType = sourcecode.swift; path = AppDelegate.swift; sourceTree = "<group>"; };
		8EB8DF1D23B5556F00F08093 /* SceneDelegate.swift */ = {isa = PBXFileReference; lastKnownFileType = sourcecode.swift; path = SceneDelegate.swift; sourceTree = "<group>"; };
		8EB8DF2223B5556F00F08093 /* Base */ = {isa = PBXFileReference; lastKnownFileType = file.storyboard; name = Base; path = Base.lproj/Main.storyboard; sourceTree = "<group>"; };
		8EB8DF2423B5557400F08093 /* Assets.xcassets */ = {isa = PBXFileReference; lastKnownFileType = folder.assetcatalog; path = Assets.xcassets; sourceTree = "<group>"; };
		8EB8DF2723B5557400F08093 /* Base */ = {isa = PBXFileReference; lastKnownFileType = file.storyboard; name = Base; path = Base.lproj/LaunchScreen.storyboard; sourceTree = "<group>"; };
		8EB8DF2923B5557400F08093 /* Info.plist */ = {isa = PBXFileReference; lastKnownFileType = text.plist.xml; path = Info.plist; sourceTree = "<group>"; };
		8EB8DF2E23B5557400F08093 /* WorldTrotterTests.xctest */ = {isa = PBXFileReference; explicitFileType = wrapper.cfbundle; includeInIndex = 0; path = WorldTrotterTests.xctest; sourceTree = BUILT_PRODUCTS_DIR; };
		8EB8DF3223B5557400F08093 /* WorldTrotterTests.swift */ = {isa = PBXFileReference; lastKnownFileType = sourcecode.swift; path = WorldTrotterTests.swift; sourceTree = "<group>"; };
		8EB8DF3423B5557400F08093 /* Info.plist */ = {isa = PBXFileReference; lastKnownFileType = text.plist.xml; path = Info.plist; sourceTree = "<group>"; };
		8EB8DF3923B5557500F08093 /* WorldTrotterUITests.xctest */ = {isa = PBXFileReference; explicitFileType = wrapper.cfbundle; includeInIndex = 0; path = WorldTrotterUITests.xctest; sourceTree = BUILT_PRODUCTS_DIR; };
		8EB8DF3D23B5557500F08093 /* WorldTrotterUITests.swift */ = {isa = PBXFileReference; lastKnownFileType = sourcecode.swift; path = WorldTrotterUITests.swift; sourceTree = "<group>"; };
		8EB8DF3F23B5557500F08093 /* Info.plist */ = {isa = PBXFileReference; lastKnownFileType = text.plist.xml; path = Info.plist; sourceTree = "<group>"; };
/* End PBXFileReference section */

/* Begin PBXFrameworksBuildPhase section */
		8EB8DF1523B5556F00F08093 /* Frameworks */ = {
			isa = PBXFrameworksBuildPhase;
			buildActionMask = 2147483647;
			files = (
			);
			runOnlyForDeploymentPostprocessing = 0;
		};
		8EB8DF2B23B5557400F08093 /* Frameworks */ = {
			isa = PBXFrameworksBuildPhase;
			buildActionMask = 2147483647;
			files = (
			);
			runOnlyForDeploymentPostprocessing = 0;
		};
		8EB8DF3623B5557500F08093 /* Frameworks */ = {
			isa = PBXFrameworksBuildPhase;
			buildActionMask = 2147483647;
			files = (
			);
			runOnlyForDeploymentPostprocessing = 0;
		};
/* End PBXFrameworksBuildPhase section */

/* Begin PBXGroup section */
		8EB8DF0F23B5556F00F08093 = {
			isa = PBXGroup;
			children = (
				8EB8DF1A23B5556F00F08093 /* WorldTrotter */,
				8EB8DF3123B5557400F08093 /* WorldTrotterTests */,
				8EB8DF3C23B5557500F08093 /* WorldTrotterUITests */,
				8EB8DF1923B5556F00F08093 /* Products */,
			);
			sourceTree = "<group>";
		};
		8EB8DF1923B5556F00F08093 /* Products */ = {
			isa = PBXGroup;
			children = (
				8EB8DF1823B5556F00F08093 /* WorldTrotter.app */,
				8EB8DF2E23B5557400F08093 /* WorldTrotterTests.xctest */,
				8EB8DF3923B5557500F08093 /* WorldTrotterUITests.xctest */,
			);
			name = Products;
			sourceTree = "<group>";
		};
		8EB8DF1A23B5556F00F08093 /* WorldTrotter */ = {
			isa = PBXGroup;
			children = (
				8EB8DF1B23B5556F00F08093 /* AppDelegate.swift */,
				8EB8DF1D23B5556F00F08093 /* SceneDelegate.swift */,
				8EB8DF2123B5556F00F08093 /* Main.storyboard */,
				8EA0486323B5B6B80013FCD3 /* ConversionViewController.swift */,
				8EB8DF2423B5557400F08093 /* Assets.xcassets */,
				8EB8DF2623B5557400F08093 /* LaunchScreen.storyboard */,
				8EB8DF2923B5557400F08093 /* Info.plist */,
			);
			path = WorldTrotter;
			sourceTree = "<group>";
		};
		8EB8DF3123B5557400F08093 /* WorldTrotterTests */ = {
			isa = PBXGroup;
			children = (
				8EB8DF3223B5557400F08093 /* WorldTrotterTests.swift */,
				8EB8DF3423B5557400F08093 /* Info.plist */,
			);
			path = WorldTrotterTests;
			sourceTree = "<group>";
		};
		8EB8DF3C23B5557500F08093 /* WorldTrotterUITests */ = {
			isa = PBXGroup;
			children = (
				8EB8DF3D23B5557500F08093 /* WorldTrotterUITests.swift */,
				8EB8DF3F23B5557500F08093 /* Info.plist */,
			);
			path = WorldTrotterUITests;
			sourceTree = "<group>";
		};
/* End PBXGroup section */

/* Begin PBXNativeTarget section */
		8EB8DF1723B5556F00F08093 /* WorldTrotter */ = {
			isa = PBXNativeTarget;
			buildConfigurationList = 8EB8DF4223B5557500F08093 /* Build configuration list for PBXNativeTarget "WorldTrotter" */;
			buildPhases = (
				8EB8DF1423B5556F00F08093 /* Sources */,
				8EB8DF1523B5556F00F08093 /* Frameworks */,
				8EB8DF1623B5556F00F08093 /* Resources */,
			);
			buildRules = (
			);
			dependencies = (
			);
			name = WorldTrotter;
			productName = WorldTrotter;
			productReference = 8EB8DF1823B5556F00F08093 /* WorldTrotter.app */;
			productType = "com.apple.product-type.application";
		};
		8EB8DF2D23B5557400F08093 /* WorldTrotterTests */ = {
			isa = PBXNativeTarget;
			buildConfigurationList = 8EB8DF4523B5557500F08093 /* Build configuration list for PBXNativeTarget "WorldTrotterTests" */;
			buildPhases = (
				8EB8DF2A23B5557400F08093 /* Sources */,
				8EB8DF2B23B5557400F08093 /* Frameworks */,
				8EB8DF2C23B5557400F08093 /* Resources */,
			);
			buildRules = (
			);
			dependencies = (
				8EB8DF3023B5557400F08093 /* PBXTargetDependency */,
			);
			name = WorldTrotterTests;
			productName = WorldTrotterTests;
			productReference = 8EB8DF2E23B5557400F08093 /* WorldTrotterTests.xctest */;
			productType = "com.apple.product-type.bundle.unit-test";
		};
		8EB8DF3823B5557500F08093 /* WorldTrotterUITests */ = {
			isa = PBXNativeTarget;
			buildConfigurationList = 8EB8DF4823B5557500F08093 /* Build configuration list for PBXNativeTarget "WorldTrotterUITests" */;
			buildPhases = (
				8EB8DF3523B5557500F08093 /* Sources */,
				8EB8DF3623B5557500F08093 /* Frameworks */,
				8EB8DF3723B5557500F08093 /* Resources */,
			);
			buildRules = (
			);
			dependencies = (
				8EB8DF3B23B5557500F08093 /* PBXTargetDependency */,
			);
			name = WorldTrotterUITests;
			productName = WorldTrotterUITests;
			productReference = 8EB8DF3923B5557500F08093 /* WorldTrotterUITests.xctest */;
			productType = "com.apple.product-type.bundle.ui-testing";
		};
/* End PBXNativeTarget section */

/* Begin PBXProject section */
		8EB8DF1023B5556F00F08093 /* Project object */ = {
			isa = PBXProject;
			attributes = {
				LastSwiftUpdateCheck = 1130;
				LastUpgradeCheck = 1130;
				ORGANIZATIONNAME = "Allieviating the Gridlock";
				TargetAttributes = {
					8EB8DF1723B5556F00F08093 = {
						CreatedOnToolsVersion = 11.3;
					};
					8EB8DF2D23B5557400F08093 = {
						CreatedOnToolsVersion = 11.3;
						TestTargetID = 8EB8DF1723B5556F00F08093;
					};
					8EB8DF3823B5557500F08093 = {
						CreatedOnToolsVersion = 11.3;
						TestTargetID = 8EB8DF1723B5556F00F08093;
					};
				};
			};
			buildConfigurationList = 8EB8DF1323B5556F00F08093 /* Build configuration list for PBXProject "WorldTrotter" */;
			compatibilityVersion = "Xcode 9.3";
			developmentRegion = en;
			hasScannedForEncodings = 0;
			knownRegions = (
				en,
				Base,
			);
			mainGroup = 8EB8DF0F23B5556F00F08093;
			productRefGroup = 8EB8DF1923B5556F00F08093 /* Products */;
			projectDirPath = "";
			projectRoot = "";
			targets = (
				8EB8DF1723B5556F00F08093 /* WorldTrotter */,
				8EB8DF2D23B5557400F08093 /* WorldTrotterTests */,
				8EB8DF3823B5557500F08093 /* WorldTrotterUITests */,
			);
		};
/* End PBXProject section */

/* Begin PBXResourcesBuildPhase section */
		8EB8DF1623B5556F00F08093 /* Resources */ = {
			isa = PBXResourcesBuildPhase;
			buildActionMask = 2147483647;
			files = (
				8EB8DF2823B5557400F08093 /* LaunchScreen.storyboard in Resources */,
				8EB8DF2523B5557400F08093 /* Assets.xcassets in Resources */,
				8EB8DF2323B5556F00F08093 /* Main.storyboard in Resources */,
			);
			runOnlyForDeploymentPostprocessing = 0;
		};
		8EB8DF2C23B5557400F08093 /* Resources */ = {
			isa = PBXResourcesBuildPhase;
			buildActionMask = 2147483647;
			files = (
			);
			runOnlyForDeploymentPostprocessing = 0;
		};
		8EB8DF3723B5557500F08093 /* Resources */ = {
			isa = PBXResourcesBuildPhase;
			buildActionMask = 2147483647;
			files = (
			);
			runOnlyForDeploymentPostprocessing = 0;
		};
/* End PBXResourcesBuildPhase section */

/* Begin PBXSourcesBuildPhase section */
		8EB8DF1423B5556F00F08093 /* Sources */ = {
			isa = PBXSourcesBuildPhase;
			buildActionMask = 2147483647;
			files = (
				8EB8DF1C23B5556F00F08093 /* AppDelegate.swift in Sources */,
				8EA0486423B5B6B80013FCD3 /* ConversionViewController.swift in Sources */,
				8EB8DF1E23B5556F00F08093 /* SceneDelegate.swift in Sources */,
			);
			runOnlyForDeploymentPostprocessing = 0;
		};
		8EB8DF2A23B5557400F08093 /* Sources */ = {
			isa = PBXSourcesBuildPhase;
			buildActionMask = 2147483647;
			files = (
				8EB8DF3323B5557400F08093 /* WorldTrotterTests.swift in Sources */,
			);
			runOnlyForDeploymentPostprocessing = 0;
		};
		8EB8DF3523B5557500F08093 /* Sources */ = {
			isa = PBXSourcesBuildPhase;
			buildActionMask = 2147483647;
			files = (
				8EB8DF3E23B5557500F08093 /* WorldTrotterUITests.swift in Sources */,
			);
			runOnlyForDeploymentPostprocessing = 0;
		};
/* End PBXSourcesBuildPhase section */

/* Begin PBXTargetDependency section */
		8EB8DF3023B5557400F08093 /* PBXTargetDependency */ = {
			isa = PBXTargetDependency;
			target = 8EB8DF1723B5556F00F08093 /* WorldTrotter */;
			targetProxy = 8EB8DF2F23B5557400F08093 /* PBXContainerItemProxy */;
		};
		8EB8DF3B23B5557500F08093 /* PBXTargetDependency */ = {
			isa = PBXTargetDependency;
			target = 8EB8DF1723B5556F00F08093 /* WorldTrotter */;
			targetProxy = 8EB8DF3A23B5557500F08093 /* PBXContainerItemProxy */;
		};
/* End PBXTargetDependency section */

/* Begin PBXVariantGroup section */
		8EB8DF2123B5556F00F08093 /* Main.storyboard */ = {
			isa = PBXVariantGroup;
			children = (
				8EB8DF2223B5556F00F08093 /* Base */,
			);
			name = Main.storyboard;
			sourceTree = "<group>";
		};
		8EB8DF2623B5557400F08093 /* LaunchScreen.storyboard */ = {
			isa = PBXVariantGroup;
			children = (
				8EB8DF2723B5557400F08093 /* Base */,
			);
			name = LaunchScreen.storyboard;
			sourceTree = "<group>";
		};
/* End PBXVariantGroup section */

/* Begin XCBuildConfiguration section */
		8EB8DF4023B5557500F08093 /* Debug */ = {
			isa = XCBuildConfiguration;
			buildSettings = {
				ALWAYS_SEARCH_USER_PATHS = NO;
				CLANG_ANALYZER_NONNULL = YES;
				CLANG_ANALYZER_NUMBER_OBJECT_CONVERSION = YES_AGGRESSIVE;
				CLANG_CXX_LANGUAGE_STANDARD = "gnu++14";
				CLANG_CXX_LIBRARY = "libc++";
				CLANG_ENABLE_MODULES = YES;
				CLANG_ENABLE_OBJC_ARC = YES;
				CLANG_ENABLE_OBJC_WEAK = YES;
				CLANG_WARN_BLOCK_CAPTURE_AUTORELEASING = YES;
				CLANG_WARN_BOOL_CONVERSION = YES;
				CLANG_WARN_COMMA = YES;
				CLANG_WARN_CONSTANT_CONVERSION = YES;
				CLANG_WARN_DEPRECATED_OBJC_IMPLEMENTATIONS = YES;
				CLANG_WARN_DIRECT_OBJC_ISA_USAGE = YES_ERROR;
				CLANG_WARN_DOCUMENTATION_COMMENTS = YES;
				CLANG_WARN_EMPTY_BODY = YES;
				CLANG_WARN_ENUM_CONVERSION = YES;
				CLANG_WARN_INFINITE_RECURSION = YES;
				CLANG_WARN_INT_CONVERSION = YES;
				CLANG_WARN_NON_LITERAL_NULL_CONVERSION = YES;
				CLANG_WARN_OBJC_IMPLICIT_RETAIN_SELF = YES;
				CLANG_WARN_OBJC_LITERAL_CONVERSION = YES;
				CLANG_WARN_OBJC_ROOT_CLASS = YES_ERROR;
				CLANG_WARN_RANGE_LOOP_ANALYSIS = YES;
				CLANG_WARN_STRICT_PROTOTYPES = YES;
				CLANG_WARN_SUSPICIOUS_MOVE = YES;
				CLANG_WARN_UNGUARDED_AVAILABILITY = YES_AGGRESSIVE;
				CLANG_WARN_UNREACHABLE_CODE = YES;
				CLANG_WARN__DUPLICATE_METHOD_MATCH = YES;
				COPY_PHASE_STRIP = NO;
				DEBUG_INFORMATION_FORMAT = dwarf;
				ENABLE_STRICT_OBJC_MSGSEND = YES;
				ENABLE_TESTABILITY = YES;
				GCC_C_LANGUAGE_STANDARD = gnu11;
				GCC_DYNAMIC_NO_PIC = NO;
				GCC_NO_COMMON_BLOCKS = YES;
				GCC_OPTIMIZATION_LEVEL = 0;
				GCC_PREPROCESSOR_DEFINITIONS = (
					"DEBUG=1",
					"$(inherited)",
				);
				GCC_WARN_64_TO_32_BIT_CONVERSION = YES;
				GCC_WARN_ABOUT_RETURN_TYPE = YES_ERROR;
				GCC_WARN_UNDECLARED_SELECTOR = YES;
				GCC_WARN_UNINITIALIZED_AUTOS = YES_AGGRESSIVE;
				GCC_WARN_UNUSED_FUNCTION = YES;
				GCC_WARN_UNUSED_VARIABLE = YES;
				IPHONEOS_DEPLOYMENT_TARGET = 13.2;
				MTL_ENABLE_DEBUG_INFO = INCLUDE_SOURCE;
				MTL_FAST_MATH = YES;
				ONLY_ACTIVE_ARCH = YES;
				SDKROOT = iphoneos;
				SWIFT_ACTIVE_COMPILATION_CONDITIONS = DEBUG;
				SWIFT_OPTIMIZATION_LEVEL = "-Onone";
			};
			name = Debug;
		};
		8EB8DF4123B5557500F08093 /* Release */ = {
			isa = XCBuildConfiguration;
			buildSettings = {
				ALWAYS_SEARCH_USER_PATHS = NO;
				CLANG_ANALYZER_NONNULL = YES;
				CLANG_ANALYZER_NUMBER_OBJECT_CONVERSION = YES_AGGRESSIVE;
				CLANG_CXX_LANGUAGE_STANDARD = "gnu++14";
				CLANG_CXX_LIBRARY = "libc++";
				CLANG_ENABLE_MODULES = YES;
				CLANG_ENABLE_OBJC_ARC = YES;
				CLANG_ENABLE_OBJC_WEAK = YES;
				CLANG_WARN_BLOCK_CAPTURE_AUTORELEASING = YES;
				CLANG_WARN_BOOL_CONVERSION = YES;
				CLANG_WARN_COMMA = YES;
				CLANG_WARN_CONSTANT_CONVERSION = YES;
				CLANG_WARN_DEPRECATED_OBJC_IMPLEMENTATIONS = YES;
				CLANG_WARN_DIRECT_OBJC_ISA_USAGE = YES_ERROR;
				CLANG_WARN_DOCUMENTATION_COMMENTS = YES;
				CLANG_WARN_EMPTY_BODY = YES;
				CLANG_WARN_ENUM_CONVERSION = YES;
				CLANG_WARN_INFINITE_RECURSION = YES;
				CLANG_WARN_INT_CONVERSION = YES;
				CLANG_WARN_NON_LITERAL_NULL_CONVERSION = YES;
				CLANG_WARN_OBJC_IMPLICIT_RETAIN_SELF = YES;
				CLANG_WARN_OBJC_LITERAL_CONVERSION = YES;
				CLANG_WARN_OBJC_ROOT_CLASS = YES_ERROR;
				CLANG_WARN_RANGE_LOOP_ANALYSIS = YES;
				CLANG_WARN_STRICT_PROTOTYPES = YES;
				CLANG_WARN_SUSPICIOUS_MOVE = YES;
				CLANG_WARN_UNGUARDED_AVAILABILITY = YES_AGGRESSIVE;
				CLANG_WARN_UNREACHABLE_CODE = YES;
				CLANG_WARN__DUPLICATE_METHOD_MATCH = YES;
				COPY_PHASE_STRIP = NO;
				DEBUG_INFORMATION_FORMAT = "dwarf-with-dsym";
				ENABLE_NS_ASSERTIONS = NO;
				ENABLE_STRICT_OBJC_MSGSEND = YES;
				GCC_C_LANGUAGE_STANDARD = gnu11;
				GCC_NO_COMMON_BLOCKS = YES;
				GCC_WARN_64_TO_32_BIT_CONVERSION = YES;
				GCC_WARN_ABOUT_RETURN_TYPE = YES_ERROR;
				GCC_WARN_UNDECLARED_SELECTOR = YES;
				GCC_WARN_UNINITIALIZED_AUTOS = YES_AGGRESSIVE;
				GCC_WARN_UNUSED_FUNCTION = YES;
				GCC_WARN_UNUSED_VARIABLE = YES;
				IPHONEOS_DEPLOYMENT_TARGET = 13.2;
				MTL_ENABLE_DEBUG_INFO = NO;
				MTL_FAST_MATH = YES;
				SDKROOT = iphoneos;
				SWIFT_COMPILATION_MODE = wholemodule;
				SWIFT_OPTIMIZATION_LEVEL = "-O";
				VALIDATE_PRODUCT = YES;
			};
			name = Release;
		};
		8EB8DF4323B5557500F08093 /* Debug */ = {
			isa = XCBuildConfiguration;
			buildSettings = {
				ASSETCATALOG_COMPILER_APPICON_NAME = AppIcon;
				CODE_SIGN_STYLE = Automatic;
				INFOPLIST_FILE = WorldTrotter/Info.plist;
				LD_RUNPATH_SEARCH_PATHS = (
					"$(inherited)",
					"@executable_path/Frameworks",
				);
				PRODUCT_BUNDLE_IDENTIFIER = com.ag.WorldTrotter;
				PRODUCT_NAME = "$(TARGET_NAME)";
				SWIFT_VERSION = 5.0;
				TARGETED_DEVICE_FAMILY = "1,2";
			};
			name = Debug;
		};
		8EB8DF4423B5557500F08093 /* Release */ = {
			isa = XCBuildConfiguration;
			buildSettings = {
				ASSETCATALOG_COMPILER_APPICON_NAME = AppIcon;
				CODE_SIGN_STYLE = Automatic;
				INFOPLIST_FILE = WorldTrotter/Info.plist;
				LD_RUNPATH_SEARCH_PATHS = (
					"$(inherited)",
					"@executable_path/Frameworks",
				);
				PRODUCT_BUNDLE_IDENTIFIER = com.ag.WorldTrotter;
				PRODUCT_NAME = "$(TARGET_NAME)";
				SWIFT_VERSION = 5.0;
				TARGETED_DEVICE_FAMILY = "1,2";
			};
			name = Release;
		};
		8EB8DF4623B5557500F08093 /* Debug */ = {
			isa = XCBuildConfiguration;
			buildSettings = {
				ALWAYS_EMBED_SWIFT_STANDARD_LIBRARIES = YES;
				BUNDLE_LOADER = "$(TEST_HOST)";
				CODE_SIGN_STYLE = Automatic;
				INFOPLIST_FILE = WorldTrotterTests/Info.plist;
				IPHONEOS_DEPLOYMENT_TARGET = 13.2;
				LD_RUNPATH_SEARCH_PATHS = (
					"$(inherited)",
					"@executable_path/Frameworks",
					"@loader_path/Frameworks",
				);
				PRODUCT_BUNDLE_IDENTIFIER = com.ag.WorldTrotterTests;
				PRODUCT_NAME = "$(TARGET_NAME)";
				SWIFT_VERSION = 5.0;
				TARGETED_DEVICE_FAMILY = "1,2";
				TEST_HOST = "$(BUILT_PRODUCTS_DIR)/WorldTrotter.app/WorldTrotter";
			};
			name = Debug;
		};
		8EB8DF4723B5557500F08093 /* Release */ = {
			isa = XCBuildConfiguration;
			buildSettings = {
				ALWAYS_EMBED_SWIFT_STANDARD_LIBRARIES = YES;
				BUNDLE_LOADER = "$(TEST_HOST)";
				CODE_SIGN_STYLE = Automatic;
				INFOPLIST_FILE = WorldTrotterTests/Info.plist;
				IPHONEOS_DEPLOYMENT_TARGET = 13.2;
				LD_RUNPATH_SEARCH_PATHS = (
					"$(inherited)",
					"@executable_path/Frameworks",
					"@loader_path/Frameworks",
				);
				PRODUCT_BUNDLE_IDENTIFIER = com.ag.WorldTrotterTests;
				PRODUCT_NAME = "$(TARGET_NAME)";
				SWIFT_VERSION = 5.0;
				TARGETED_DEVICE_FAMILY = "1,2";
				TEST_HOST = "$(BUILT_PRODUCTS_DIR)/WorldTrotter.app/WorldTrotter";
			};
			name = Release;
		};
		8EB8DF4923B5557500F08093 /* Debug */ = {
			isa = XCBuildConfiguration;
			buildSettings = {
				ALWAYS_EMBED_SWIFT_STANDARD_LIBRARIES = YES;
				CODE_SIGN_STYLE = Automatic;
				INFOPLIST_FILE = WorldTrotterUITests/Info.plist;
				LD_RUNPATH_SEARCH_PATHS = (
					"$(inherited)",
					"@executable_path/Frameworks",
					"@loader_path/Frameworks",
				);
				PRODUCT_BUNDLE_IDENTIFIER = com.ag.WorldTrotterUITests;
				PRODUCT_NAME = "$(TARGET_NAME)";
				SWIFT_VERSION = 5.0;
				TARGETED_DEVICE_FAMILY = "1,2";
				TEST_TARGET_NAME = WorldTrotter;
			};
			name = Debug;
		};
		8EB8DF4A23B5557500F08093 /* Release */ = {
			isa = XCBuildConfiguration;
			buildSettings = {
				ALWAYS_EMBED_SWIFT_STANDARD_LIBRARIES = YES;
				CODE_SIGN_STYLE = Automatic;
				INFOPLIST_FILE = WorldTrotterUITests/Info.plist;
				LD_RUNPATH_SEARCH_PATHS = (
					"$(inherited)",
					"@executable_path/Frameworks",
					"@loader_path/Frameworks",
				);
				PRODUCT_BUNDLE_IDENTIFIER = com.ag.WorldTrotterUITests;
				PRODUCT_NAME = "$(TARGET_NAME)";
				SWIFT_VERSION = 5.0;
				TARGETED_DEVICE_FAMILY = "1,2";
				TEST_TARGET_NAME = WorldTrotter;
			};
			name = Release;
		};
/* End XCBuildConfiguration section */

/* Begin XCConfigurationList section */
		8EB8DF1323B5556F00F08093 /* Build configuration list for PBXProject "WorldTrotter" */ = {
			isa = XCConfigurationList;
			buildConfigurations = (
				8EB8DF4023B5557500F08093 /* Debug */,
				8EB8DF4123B5557500F08093 /* Release */,
			);
			defaultConfigurationIsVisible = 0;
			defaultConfigurationName = Release;
		};
		8EB8DF4223B5557500F08093 /* Build configuration list for PBXNativeTarget "WorldTrotter" */ = {
			isa = XCConfigurationList;
			buildConfigurations = (
				8EB8DF4323B5557500F08093 /* Debug */,
				8EB8DF4423B5557500F08093 /* Release */,
			);
			defaultConfigurationIsVisible = 0;
			defaultConfigurationName = Release;
		};
		8EB8DF4523B5557500F08093 /* Build configuration list for PBXNativeTarget "WorldTrotterTests" */ = {
			isa = XCConfigurationList;
			buildConfigurations = (
				8EB8DF4623B5557500F08093 /* Debug */,
				8EB8DF4723B5557500F08093 /* Release */,
			);
			defaultConfigurationIsVisible = 0;
			defaultConfigurationName = Release;
		};
		8EB8DF4823B5557500F08093 /* Build configuration list for PBXNativeTarget "WorldTrotterUITests" */ = {
			isa = XCConfigurationList;
			buildConfigurations = (
				8EB8DF4923B5557500F08093 /* Debug */,
				8EB8DF4A23B5557500F08093 /* Release */,
			);
			defaultConfigurationIsVisible = 0;
			defaultConfigurationName = Release;
		};
/* End XCConfigurationList section */
	};
	rootObject = 8EB8DF1023B5556F00F08093 /* Project object */;
}
